
Microsoft Visual Studio Solution File, Format Version 12.00
# Visual Studio Version 17
VisualStudioVersion = 17.7.34031.279
MinimumVisualStudioVersion = 10.0.40219.1
Project("{FAE04EC0-301F-11D3-BF4B-00C04F79EFBC}") = "IntroToGitHub", "IntroToGitHub.csproj", "{BCECBDB7-77B3-41C3-AB16-03CA600A2D02}"
EndProject
Global
	GlobalSection(SolutionConfigurationPlatforms) = preSolution
		Debug|Any CPU = Debug|Any CPU
		Release|Any CPU = Release|Any CPU
	EndGlobalSection
	GlobalSection(ProjectConfigurationPlatforms) = postSolution
		{BCECBDB7-77B3-41C3-AB16-03CA600A2D02}.Debug|Any CPU.ActiveCfg = Debug|Any CPU
		{BCECBDB7-77B3-41C3-AB16-03CA600A2D02}.Debug|Any CPU.Build.0 = Debug|Any CPU
		{BCECBDB7-77B3-41C3-AB16-03CA600A2D02}.Release|Any CPU.ActiveCfg = Release|Any CPU
		{BCECBDB7-77B3-41C3-AB16-03CA600A2D02}.Release|Any CPU.Build.0 = Release|Any CPU
	EndGlobalSection
	GlobalSection(SolutionProperties) = preSolution
		HideSolutionNode = FALSE
	EndGlobalSection
	GlobalSection(ExtensibilityGlobals) = postSolution
		SolutionGuid = {046CD364-97DC-4E3D-9538-B2BF35CD9D92}
	EndGlobalSection
EndGlobal
